{
  "nodes": {
    "conda-zsh-completion": {
      "flake": false,
      "locked": {
        "lastModified": 1719828186,
        "narHash": "sha256-lphlOmdy8pHSNzupSnuE9KvLT303UEbVRGcHsxwakIU=",
        "owner": "conda-incubator",
        "repo": "conda-zsh-completion",
        "rev": "5b233f57b0405e8e1dc34837896a7649fd416342",
        "type": "github"
      },
      "original": {
        "owner": "conda-incubator",
        "repo": "conda-zsh-completion",
        "type": "github"
      }
    },
    "fzf-tab": {
      "flake": false,
      "locked": {
        "lastModified": 1727262751,
        "narHash": "sha256-IA7JoauKkNOMETUTH4ekKIZWgwmGuEfu2ZN7BKhCXSA=",
        "owner": "Aloxaf",
        "repo": "fzf-tab",
        "rev": "cf57116eb2410139b8bd78fcb793dd84db79e28f",
        "type": "github"
      },
      "original": {
        "owner": "Aloxaf",
        "repo": "fzf-tab",
        "type": "github"
      }
    },
    "home-manager": {
      "inputs": {
        "nixpkgs": [
          "nixpkgs"
        ]
      },
      "locked": {
        "lastModified": 1726989464,
        "narHash": "sha256-Vl+WVTJwutXkimwGprnEtXc/s/s8sMuXzqXaspIGlwM=",
        "owner": "nix-community",
        "repo": "home-manager",
        "rev": "2f23fa308a7c067e52dfcc30a0758f47043ec176",
        "type": "github"
      },
      "original": {
        "owner": "nix-community",
        "ref": "release-24.05",
        "repo": "home-manager",
        "type": "github"
      }
    },
    "nixpkgs": {
      "locked": {
        "lastModified": 1727264057,
        "narHash": "sha256-KQPI8CTTnB9CrJ7LrmLC4VWbKZfljEPBXOFGZFRpxao=",
        "owner": "NixOS",
        "repo": "nixpkgs",
        "rev": "759537f06e6999e141588ff1c9be7f3a5c060106",
        "type": "github"
      },
      "original": {
        "id": "nixpkgs",
        "ref": "nixos-24.05",
        "type": "indirect"
      }
    },
    "root": {
      "inputs": {
        "conda-zsh-completion": "conda-zsh-completion",
        "fzf-tab": "fzf-tab",
        "home-manager": "home-manager",
        "nixpkgs": "nixpkgs"
      }
    }
  },
  "root": "root",
  "version": 7
}
